// !$*UTF8*$!
{
	archiveVersion = 1;
	classes = {
	};
	objectVersion = 50;
	objects = {

/* Begin PBXBuildFile section */
		D35BF8C22353945500774B72 /* AppDelegate.swift in Sources */ = {isa = PBXBuildFile; fileRef = D35BF8C12353945500774B72 /* AppDelegate.swift */; };
		D35BF8C42353945500774B72 /* SceneDelegate.swift in Sources */ = {isa = PBXBuildFile; fileRef = D35BF8C32353945500774B72 /* SceneDelegate.swift */; };
		D35BF8C62353945500774B72 /* ActualTasksViewController.swift in Sources */ = {isa = PBXBuildFile; fileRef = D35BF8C52353945500774B72 /* ActualTasksViewController.swift */; };
		D35BF8CB2353945500774B72 /* Main.storyboard in Resources */ = {isa = PBXBuildFile; fileRef = D35BF8C92353945500774B72 /* Main.storyboard */; };
		D35BF8CD2353945700774B72 /* Assets.xcassets in Resources */ = {isa = PBXBuildFile; fileRef = D35BF8CC2353945700774B72 /* Assets.xcassets */; };
		D35BF8D02353945700774B72 /* LaunchScreen.storyboard in Resources */ = {isa = PBXBuildFile; fileRef = D35BF8CE2353945700774B72 /* LaunchScreen.storyboard */; };
		D35BF8D82358672200774B72 /* EventsViewController.swift in Sources */ = {isa = PBXBuildFile; fileRef = D35BF8D72358672200774B72 /* EventsViewController.swift */; };
		D35BF8DA2358C7CF00774B72 /* ProfileViewController.swift in Sources */ = {isa = PBXBuildFile; fileRef = D35BF8D92358C7CF00774B72 /* ProfileViewController.swift */; };
		D372BBE223B253CA00D7C70A /* BlurLoader.swift in Sources */ = {isa = PBXBuildFile; fileRef = D372BBE123B253CA00D7C70A /* BlurLoader.swift */; };
		D37F1652238D94E3001CB050 /* Task.swift in Sources */ = {isa = PBXBuildFile; fileRef = D37F1651238D94E3001CB050 /* Task.swift */; };
		D37F1654238EF8A2001CB050 /* NewTaskViewController.swift in Sources */ = {isa = PBXBuildFile; fileRef = D37F1653238EF8A2001CB050 /* NewTaskViewController.swift */; };
		D37F16562396DC91001CB050 /* Hall.swift in Sources */ = {isa = PBXBuildFile; fileRef = D37F16552396DC91001CB050 /* Hall.swift */; };
		D37F16582396DCA9001CB050 /* Person.swift in Sources */ = {isa = PBXBuildFile; fileRef = D37F16572396DCA9001CB050 /* Person.swift */; };
		D37F165A2396DCC7001CB050 /* Event.swift in Sources */ = {isa = PBXBuildFile; fileRef = D37F16592396DCC7001CB050 /* Event.swift */; };
		D37F16602397DDF2001CB050 /* TaskTableViewCell.swift in Sources */ = {isa = PBXBuildFile; fileRef = D37F165F2397DDF2001CB050 /* TaskTableViewCell.swift */; };
		D3BAB81423B28FAC00557045 /* Extentions.swift in Sources */ = {isa = PBXBuildFile; fileRef = D3BAB81323B28FAC00557045 /* Extentions.swift */; };
		D3BAB81623B374EF00557045 /* ServerApi.swift in Sources */ = {isa = PBXBuildFile; fileRef = D3BAB81523B374EF00557045 /* ServerApi.swift */; };
		D3BAB81823B3A0AF00557045 /* UserCredentials.swift in Sources */ = {isa = PBXBuildFile; fileRef = D3BAB81723B3A0AF00557045 /* UserCredentials.swift */; };
		D3DAF7FC23B14A7D00E541FC /* LoginViewController.swift in Sources */ = {isa = PBXBuildFile; fileRef = D3DAF7FB23B14A7D00E541FC /* LoginViewController.swift */; };
		D3DAF7FE23B14AC600E541FC /* SignUpViewController.swift in Sources */ = {isa = PBXBuildFile; fileRef = D3DAF7FD23B14AC600E541FC /* SignUpViewController.swift */; };
/* End PBXBuildFile section */

/* Begin PBXFileReference section */
		D35BF8BE2353945500774B72 /* volunteer_application.app */ = {isa = PBXFileReference; explicitFileType = wrapper.application; includeInIndex = 0; path = volunteer_application.app; sourceTree = BUILT_PRODUCTS_DIR; };
		D35BF8C12353945500774B72 /* AppDelegate.swift */ = {isa = PBXFileReference; lastKnownFileType = sourcecode.swift; path = AppDelegate.swift; sourceTree = "<group>"; };
		D35BF8C32353945500774B72 /* SceneDelegate.swift */ = {isa = PBXFileReference; lastKnownFileType = sourcecode.swift; path = SceneDelegate.swift; sourceTree = "<group>"; };
		D35BF8C52353945500774B72 /* ActualTasksViewController.swift */ = {isa = PBXFileReference; lastKnownFileType = sourcecode.swift; path = ActualTasksViewController.swift; sourceTree = "<group>"; };
		D35BF8CA2353945500774B72 /* Base */ = {isa = PBXFileReference; lastKnownFileType = file.storyboard; name = Base; path = Base.lproj/Main.storyboard; sourceTree = "<group>"; };
		D35BF8CC2353945700774B72 /* Assets.xcassets */ = {isa = PBXFileReference; lastKnownFileType = folder.assetcatalog; path = Assets.xcassets; sourceTree = "<group>"; };
		D35BF8CF2353945700774B72 /* Base */ = {isa = PBXFileReference; lastKnownFileType = file.storyboard; name = Base; path = Base.lproj/LaunchScreen.storyboard; sourceTree = "<group>"; };
		D35BF8D12353945800774B72 /* Info.plist */ = {isa = PBXFileReference; lastKnownFileType = text.plist.xml; path = Info.plist; sourceTree = "<group>"; };
		D35BF8D72358672200774B72 /* EventsViewController.swift */ = {isa = PBXFileReference; lastKnownFileType = sourcecode.swift; path = EventsViewController.swift; sourceTree = "<group>"; };
		D35BF8D92358C7CF00774B72 /* ProfileViewController.swift */ = {isa = PBXFileReference; lastKnownFileType = sourcecode.swift; path = ProfileViewController.swift; sourceTree = "<group>"; };
		D372BBE123B253CA00D7C70A /* BlurLoader.swift */ = {isa = PBXFileReference; lastKnownFileType = sourcecode.swift; path = BlurLoader.swift; sourceTree = "<group>"; };
		D37F1651238D94E3001CB050 /* Task.swift */ = {isa = PBXFileReference; lastKnownFileType = sourcecode.swift; path = Task.swift; sourceTree = "<group>"; };
		D37F1653238EF8A2001CB050 /* NewTaskViewController.swift */ = {isa = PBXFileReference; lastKnownFileType = sourcecode.swift; path = NewTaskViewController.swift; sourceTree = "<group>"; };
		D37F16552396DC91001CB050 /* Hall.swift */ = {isa = PBXFileReference; lastKnownFileType = sourcecode.swift; path = Hall.swift; sourceTree = "<group>"; };
		D37F16572396DCA9001CB050 /* Person.swift */ = {isa = PBXFileReference; lastKnownFileType = sourcecode.swift; path = Person.swift; sourceTree = "<group>"; };
		D37F16592396DCC7001CB050 /* Event.swift */ = {isa = PBXFileReference; lastKnownFileType = sourcecode.swift; path = Event.swift; sourceTree = "<group>"; };
		D37F165F2397DDF2001CB050 /* TaskTableViewCell.swift */ = {isa = PBXFileReference; lastKnownFileType = sourcecode.swift; path = TaskTableViewCell.swift; sourceTree = "<group>"; };
		D3BAB81323B28FAC00557045 /* Extentions.swift */ = {isa = PBXFileReference; lastKnownFileType = sourcecode.swift; path = Extentions.swift; sourceTree = "<group>"; };
		D3BAB81523B374EF00557045 /* ServerApi.swift */ = {isa = PBXFileReference; lastKnownFileType = sourcecode.swift; path = ServerApi.swift; sourceTree = "<group>"; };
		D3BAB81723B3A0AF00557045 /* UserCredentials.swift */ = {isa = PBXFileReference; lastKnownFileType = sourcecode.swift; path = UserCredentials.swift; sourceTree = "<group>"; };
		D3DAF7FB23B14A7D00E541FC /* LoginViewController.swift */ = {isa = PBXFileReference; lastKnownFileType = sourcecode.swift; path = LoginViewController.swift; sourceTree = "<group>"; };
		D3DAF7FD23B14AC600E541FC /* SignUpViewController.swift */ = {isa = PBXFileReference; lastKnownFileType = sourcecode.swift; path = SignUpViewController.swift; sourceTree = "<group>"; };
/* End PBXFileReference section */

/* Begin PBXFrameworksBuildPhase section */
		D35BF8BB2353945500774B72 /* Frameworks */ = {
			isa = PBXFrameworksBuildPhase;
			buildActionMask = 2147483647;
			files = (
			);
			runOnlyForDeploymentPostprocessing = 0;
		};
/* End PBXFrameworksBuildPhase section */

/* Begin PBXGroup section */
		D35BF8B52353945500774B72 = {
			isa = PBXGroup;
			children = (
				D35BF8C02353945500774B72 /* volunteer_application */,
				D35BF8BF2353945500774B72 /* Products */,
			);
			sourceTree = "<group>";
		};
		D35BF8BF2353945500774B72 /* Products */ = {
			isa = PBXGroup;
			children = (
				D35BF8BE2353945500774B72 /* volunteer_application.app */,
			);
			name = Products;
			sourceTree = "<group>";
		};
		D35BF8C02353945500774B72 /* volunteer_application */ = {
			isa = PBXGroup;
			children = (
				D37F1650238D948D001CB050 /* model */,
				D35BF8C12353945500774B72 /* AppDelegate.swift */,
				D3DAF7FD23B14AC600E541FC /* SignUpViewController.swift */,
				D35BF8C32353945500774B72 /* SceneDelegate.swift */,
				D35BF8C52353945500774B72 /* ActualTasksViewController.swift */,
				D35BF8C92353945500774B72 /* Main.storyboard */,
				D35BF8CC2353945700774B72 /* Assets.xcassets */,
				D35BF8CE2353945700774B72 /* LaunchScreen.storyboard */,
				D35BF8D12353945800774B72 /* Info.plist */,
				D35BF8D72358672200774B72 /* EventsViewController.swift */,
				D35BF8D92358C7CF00774B72 /* ProfileViewController.swift */,
				D37F1653238EF8A2001CB050 /* NewTaskViewController.swift */,
				D37F165F2397DDF2001CB050 /* TaskTableViewCell.swift */,
				D3DAF7FB23B14A7D00E541FC /* LoginViewController.swift */,
				D372BBE123B253CA00D7C70A /* BlurLoader.swift */,
				D3BAB81323B28FAC00557045 /* Extentions.swift */,
				D3BAB81523B374EF00557045 /* ServerApi.swift */,
			);
			path = volunteer_application;
			sourceTree = "<group>";
		};
		D37F1650238D948D001CB050 /* model */ = {
			isa = PBXGroup;
			children = (
				D37F1651238D94E3001CB050 /* Task.swift */,
				D37F16552396DC91001CB050 /* Hall.swift */,
				D37F16572396DCA9001CB050 /* Person.swift */,
				D37F16592396DCC7001CB050 /* Event.swift */,
				D3BAB81723B3A0AF00557045 /* UserCredentials.swift */,
			);
			path = model;
			sourceTree = "<group>";
		};
/* End PBXGroup section */

/* Begin PBXNativeTarget section */
		D35BF8BD2353945500774B72 /* volunteer_application */ = {
			isa = PBXNativeTarget;
			buildConfigurationList = D35BF8D42353945800774B72 /* Build configuration list for PBXNativeTarget "volunteer_application" */;
			buildPhases = (
				D35BF8BA2353945500774B72 /* Sources */,
				D35BF8BB2353945500774B72 /* Frameworks */,
				D35BF8BC2353945500774B72 /* Resources */,
			);
			buildRules = (
			);
			dependencies = (
			);
			name = volunteer_application;
			productName = volunteer_application;
			productReference = D35BF8BE2353945500774B72 /* volunteer_application.app */;
			productType = "com.apple.product-type.application";
		};
/* End PBXNativeTarget section */

/* Begin PBXProject section */
		D35BF8B62353945500774B72 /* Project object */ = {
			isa = PBXProject;
			attributes = {
				LastSwiftUpdateCheck = 1110;
				LastUpgradeCheck = 1110;
				ORGANIZATIONNAME = "Alexey Menshutin";
				TargetAttributes = {
					D35BF8BD2353945500774B72 = {
						CreatedOnToolsVersion = 11.1;
					};
				};
			};
			buildConfigurationList = D35BF8B92353945500774B72 /* Build configuration list for PBXProject "volunteer_application" */;
			compatibilityVersion = "Xcode 9.3";
			developmentRegion = en;
			hasScannedForEncodings = 0;
			knownRegions = (
				en,
				Base,
			);
			mainGroup = D35BF8B52353945500774B72;
			productRefGroup = D35BF8BF2353945500774B72 /* Products */;
			projectDirPath = "";
			projectRoot = "";
			targets = (
				D35BF8BD2353945500774B72 /* volunteer_application */,
			);
		};
/* End PBXProject section */

/* Begin PBXResourcesBuildPhase section */
		D35BF8BC2353945500774B72 /* Resources */ = {
			isa = PBXResourcesBuildPhase;
			buildActionMask = 2147483647;
			files = (
				D35BF8D02353945700774B72 /* LaunchScreen.storyboard in Resources */,
				D35BF8CD2353945700774B72 /* Assets.xcassets in Resources */,
				D35BF8CB2353945500774B72 /* Main.storyboard in Resources */,
			);
			runOnlyForDeploymentPostprocessing = 0;
		};
/* End PBXResourcesBuildPhase section */

/* Begin PBXSourcesBuildPhase section */
		D35BF8BA2353945500774B72 /* Sources */ = {
			isa = PBXSourcesBuildPhase;
			buildActionMask = 2147483647;
			files = (
				D37F16582396DCA9001CB050 /* Person.swift in Sources */,
				D37F165A2396DCC7001CB050 /* Event.swift in Sources */,
				D35BF8DA2358C7CF00774B72 /* ProfileViewController.swift in Sources */,
				D3BAB81823B3A0AF00557045 /* UserCredentials.swift in Sources */,
				D37F1654238EF8A2001CB050 /* NewTaskViewController.swift in Sources */,
				D35BF8C62353945500774B72 /* ActualTasksViewController.swift in Sources */,
				D35BF8D82358672200774B72 /* EventsViewController.swift in Sources */,
				D37F16562396DC91001CB050 /* Hall.swift in Sources */,
				D372BBE223B253CA00D7C70A /* BlurLoader.swift in Sources */,
				D3DAF7FE23B14AC600E541FC /* SignUpViewController.swift in Sources */,
				D37F16602397DDF2001CB050 /* TaskTableViewCell.swift in Sources */,
				D35BF8C22353945500774B72 /* AppDelegate.swift in Sources */,
				D3BAB81623B374EF00557045 /* ServerApi.swift in Sources */,
				D37F1652238D94E3001CB050 /* Task.swift in Sources */,
				D3BAB81423B28FAC00557045 /* Extentions.swift in Sources */,
				D3DAF7FC23B14A7D00E541FC /* LoginViewController.swift in Sources */,
				D35BF8C42353945500774B72 /* SceneDelegate.swift in Sources */,
			);
			runOnlyForDeploymentPostprocessing = 0;
		};
/* End PBXSourcesBuildPhase section */

/* Begin PBXVariantGroup section */
		D35BF8C92353945500774B72 /* Main.storyboard */ = {
			isa = PBXVariantGroup;
			children = (
				D35BF8CA2353945500774B72 /* Base */,
			);
			name = Main.storyboard;
			sourceTree = "<group>";
		};
		D35BF8CE2353945700774B72 /* LaunchScreen.storyboard */ = {
			isa = PBXVariantGroup;
			children = (
				D35BF8CF2353945700774B72 /* Base */,
			);
			name = LaunchScreen.storyboard;
			sourceTree = "<group>";
		};
/* End PBXVariantGroup section */

/* Begin XCBuildConfiguration section */
		D35BF8D22353945800774B72 /* Debug */ = {
			isa = XCBuildConfiguration;
			buildSettings = {
				ALWAYS_SEARCH_USER_PATHS = NO;
				CLANG_ANALYZER_NONNULL = YES;
				CLANG_ANALYZER_NUMBER_OBJECT_CONVERSION = YES_AGGRESSIVE;
				CLANG_CXX_LANGUAGE_STANDARD = "gnu++14";
				CLANG_CXX_LIBRARY = "libc++";
				CLANG_ENABLE_MODULES = YES;
				CLANG_ENABLE_OBJC_ARC = YES;
				CLANG_ENABLE_OBJC_WEAK = YES;
				CLANG_WARN_BLOCK_CAPTURE_AUTORELEASING = YES;
				CLANG_WARN_BOOL_CONVERSION = YES;
				CLANG_WARN_COMMA = YES;
				CLANG_WARN_CONSTANT_CONVERSION = YES;
				CLANG_WARN_DEPRECATED_OBJC_IMPLEMENTATIONS = YES;
				CLANG_WARN_DIRECT_OBJC_ISA_USAGE = YES_ERROR;
				CLANG_WARN_DOCUMENTATION_COMMENTS = YES;
				CLANG_WARN_EMPTY_BODY = YES;
				CLANG_WARN_ENUM_CONVERSION = YES;
				CLANG_WARN_INFINITE_RECURSION = YES;
				CLANG_WARN_INT_CONVERSION = YES;
				CLANG_WARN_NON_LITERAL_NULL_CONVERSION = YES;
				CLANG_WARN_OBJC_IMPLICIT_RETAIN_SELF = YES;
				CLANG_WARN_OBJC_LITERAL_CONVERSION = YES;
				CLANG_WARN_OBJC_ROOT_CLASS = YES_ERROR;
				CLANG_WARN_RANGE_LOOP_ANALYSIS = YES;
				CLANG_WARN_STRICT_PROTOTYPES = YES;
				CLANG_WARN_SUSPICIOUS_MOVE = YES;
				CLANG_WARN_UNGUARDED_AVAILABILITY = YES_AGGRESSIVE;
				CLANG_WARN_UNREACHABLE_CODE = YES;
				CLANG_WARN__DUPLICATE_METHOD_MATCH = YES;
				COPY_PHASE_STRIP = NO;
				DEBUG_INFORMATION_FORMAT = dwarf;
				ENABLE_STRICT_OBJC_MSGSEND = YES;
				ENABLE_TESTABILITY = YES;
				GCC_C_LANGUAGE_STANDARD = gnu11;
				GCC_DYNAMIC_NO_PIC = NO;
				GCC_NO_COMMON_BLOCKS = YES;
				GCC_OPTIMIZATION_LEVEL = 0;
				GCC_PREPROCESSOR_DEFINITIONS = (
					"DEBUG=1",
					"$(inherited)",
				);
				GCC_WARN_64_TO_32_BIT_CONVERSION = YES;
				GCC_WARN_ABOUT_RETURN_TYPE = YES_ERROR;
				GCC_WARN_UNDECLARED_SELECTOR = YES;
				GCC_WARN_UNINITIALIZED_AUTOS = YES_AGGRESSIVE;
				GCC_WARN_UNUSED_FUNCTION = YES;
				GCC_WARN_UNUSED_VARIABLE = YES;
				IPHONEOS_DEPLOYMENT_TARGET = 13.1;
				MTL_ENABLE_DEBUG_INFO = INCLUDE_SOURCE;
				MTL_FAST_MATH = YES;
				ONLY_ACTIVE_ARCH = YES;
				SDKROOT = iphoneos;
				SWIFT_ACTIVE_COMPILATION_CONDITIONS = DEBUG;
				SWIFT_OPTIMIZATION_LEVEL = "-Onone";
			};
			name = Debug;
		};
		D35BF8D32353945800774B72 /* Release */ = {
			isa = XCBuildConfiguration;
			buildSettings = {
				ALWAYS_SEARCH_USER_PATHS = NO;
				CLANG_ANALYZER_NONNULL = YES;
				CLANG_ANALYZER_NUMBER_OBJECT_CONVERSION = YES_AGGRESSIVE;
				CLANG_CXX_LANGUAGE_STANDARD = "gnu++14";
				CLANG_CXX_LIBRARY = "libc++";
				CLANG_ENABLE_MODULES = YES;
				CLANG_ENABLE_OBJC_ARC = YES;
				CLANG_ENABLE_OBJC_WEAK = YES;
				CLANG_WARN_BLOCK_CAPTURE_AUTORELEASING = YES;
				CLANG_WARN_BOOL_CONVERSION = YES;
				CLANG_WARN_COMMA = YES;
				CLANG_WARN_CONSTANT_CONVERSION = YES;
				CLANG_WARN_DEPRECATED_OBJC_IMPLEMENTATIONS = YES;
				CLANG_WARN_DIRECT_OBJC_ISA_USAGE = YES_ERROR;
				CLANG_WARN_DOCUMENTATION_COMMENTS = YES;
				CLANG_WARN_EMPTY_BODY = YES;
				CLANG_WARN_ENUM_CONVERSION = YES;
				CLANG_WARN_INFINITE_RECURSION = YES;
				CLANG_WARN_INT_CONVERSION = YES;
				CLANG_WARN_NON_LITERAL_NULL_CONVERSION = YES;
				CLANG_WARN_OBJC_IMPLICIT_RETAIN_SELF = YES;
				CLANG_WARN_OBJC_LITERAL_CONVERSION = YES;
				CLANG_WARN_OBJC_ROOT_CLASS = YES_ERROR;
				CLANG_WARN_RANGE_LOOP_ANALYSIS = YES;
				CLANG_WARN_STRICT_PROTOTYPES = YES;
				CLANG_WARN_SUSPICIOUS_MOVE = YES;
				CLANG_WARN_UNGUARDED_AVAILABILITY = YES_AGGRESSIVE;
				CLANG_WARN_UNREACHABLE_CODE = YES;
				CLANG_WARN__DUPLICATE_METHOD_MATCH = YES;
				COPY_PHASE_STRIP = NO;
				DEBUG_INFORMATION_FORMAT = "dwarf-with-dsym";
				ENABLE_NS_ASSERTIONS = NO;
				ENABLE_STRICT_OBJC_MSGSEND = YES;
				GCC_C_LANGUAGE_STANDARD = gnu11;
				GCC_NO_COMMON_BLOCKS = YES;
				GCC_WARN_64_TO_32_BIT_CONVERSION = YES;
				GCC_WARN_ABOUT_RETURN_TYPE = YES_ERROR;
				GCC_WARN_UNDECLARED_SELECTOR = YES;
				GCC_WARN_UNINITIALIZED_AUTOS = YES_AGGRESSIVE;
				GCC_WARN_UNUSED_FUNCTION = YES;
				GCC_WARN_UNUSED_VARIABLE = YES;
				IPHONEOS_DEPLOYMENT_TARGET = 13.1;
				MTL_ENABLE_DEBUG_INFO = NO;
				MTL_FAST_MATH = YES;
				SDKROOT = iphoneos;
				SWIFT_COMPILATION_MODE = wholemodule;
				SWIFT_OPTIMIZATION_LEVEL = "-O";
				VALIDATE_PRODUCT = YES;
			};
			name = Release;
		};
		D35BF8D52353945800774B72 /* Debug */ = {
			isa = XCBuildConfiguration;
			buildSettings = {
				ASSETCATALOG_COMPILER_APPICON_NAME = AppIcon;
				CODE_SIGN_STYLE = Automatic;
				DEVELOPMENT_TEAM = B9S3K8NTNS;
				INFOPLIST_FILE = volunteer_application/Info.plist;
				IPHONEOS_DEPLOYMENT_TARGET = 13.2;
				LD_RUNPATH_SEARCH_PATHS = (
					"$(inherited)",
					"@executable_path/Frameworks",
				);
				PRODUCT_BUNDLE_IDENTIFIER = "itmo.volunteer-application";
				PRODUCT_NAME = "$(TARGET_NAME)";
				SWIFT_VERSION = 5.0;
				TARGETED_DEVICE_FAMILY = "1,2";
			};
			name = Debug;
		};
		D35BF8D62353945800774B72 /* Release */ = {
			isa = XCBuildConfiguration;
			buildSettings = {
				ASSETCATALOG_COMPILER_APPICON_NAME = AppIcon;
				CODE_SIGN_STYLE = Automatic;
				DEVELOPMENT_TEAM = B9S3K8NTNS;
				INFOPLIST_FILE = volunteer_application/Info.plist;
				IPHONEOS_DEPLOYMENT_TARGET = 13.2;
				LD_RUNPATH_SEARCH_PATHS = (
					"$(inherited)",
					"@executable_path/Frameworks",
				);
				PRODUCT_BUNDLE_IDENTIFIER = "itmo.volunteer-application";
				PRODUCT_NAME = "$(TARGET_NAME)";
				SWIFT_VERSION = 5.0;
				TARGETED_DEVICE_FAMILY = "1,2";
			};
			name = Release;
		};
/* End XCBuildConfiguration section */

/* Begin XCConfigurationList section */
		D35BF8B92353945500774B72 /* Build configuration list for PBXProject "volunteer_application" */ = {
			isa = XCConfigurationList;
			buildConfigurations = (
				D35BF8D22353945800774B72 /* Debug */,
				D35BF8D32353945800774B72 /* Release */,
			);
			defaultConfigurationIsVisible = 0;
			defaultConfigurationName = Release;
		};
		D35BF8D42353945800774B72 /* Build configuration list for PBXNativeTarget "volunteer_application" */ = {
			isa = XCConfigurationList;
			buildConfigurations = (
				D35BF8D52353945800774B72 /* Debug */,
				D35BF8D62353945800774B72 /* Release */,
			);
			defaultConfigurationIsVisible = 0;
			defaultConfigurationName = Release;
		};
/* End XCConfigurationList section */
	};
	rootObject = D35BF8B62353945500774B72 /* Project object */;
}
